// !$*UTF8*$!
{
	archiveVersion = 1;
	classes = {
	};
	objectVersion = 48;
	objects = {

/* Begin PBXBuildFile section */
		2CB79D3620318350008C953F /* AppDelegate.swift in Sources */ = {isa = PBXBuildFile; fileRef = 2CB79D3520318350008C953F /* AppDelegate.swift */; };
		2CB79D3820318350008C953F /* ViewController.swift in Sources */ = {isa = PBXBuildFile; fileRef = 2CB79D3720318350008C953F /* ViewController.swift */; };
		2CB79D3B20318350008C953F /* Main.storyboard in Resources */ = {isa = PBXBuildFile; fileRef = 2CB79D3920318350008C953F /* Main.storyboard */; };
		2CB79D3D20318350008C953F /* Assets.xcassets in Resources */ = {isa = PBXBuildFile; fileRef = 2CB79D3C20318350008C953F /* Assets.xcassets */; };
		2CB79D4020318350008C953F /* LaunchScreen.storyboard in Resources */ = {isa = PBXBuildFile; fileRef = 2CB79D3E20318350008C953F /* LaunchScreen.storyboard */; };
		A101FD2EFDC021084FFCA079 /* Pods_facebookdemo.framework in Frameworks */ = {isa = PBXBuildFile; fileRef = 8B29525F62F34AD0F2C3A813 /* Pods_facebookdemo.framework */; };
/* End PBXBuildFile section */

/* Begin PBXFileReference section */
		2CB79D3220318350008C953F /* facebookdemo.app */ = {isa = PBXFileReference; explicitFileType = wrapper.application; includeInIndex = 0; path = facebookdemo.app; sourceTree = BUILT_PRODUCTS_DIR; };
		2CB79D3520318350008C953F /* AppDelegate.swift */ = {isa = PBXFileReference; lastKnownFileType = sourcecode.swift; path = AppDelegate.swift; sourceTree = "<group>"; };
		2CB79D3720318350008C953F /* ViewController.swift */ = {isa = PBXFileReference; lastKnownFileType = sourcecode.swift; path = ViewController.swift; sourceTree = "<group>"; };
		2CB79D3A20318350008C953F /* Base */ = {isa = PBXFileReference; lastKnownFileType = file.storyboard; name = Base; path = Base.lproj/Main.storyboard; sourceTree = "<group>"; };
		2CB79D3C20318350008C953F /* Assets.xcassets */ = {isa = PBXFileReference; lastKnownFileType = folder.assetcatalog; path = Assets.xcassets; sourceTree = "<group>"; };
		2CB79D3F20318350008C953F /* Base */ = {isa = PBXFileReference; lastKnownFileType = file.storyboard; name = Base; path = Base.lproj/LaunchScreen.storyboard; sourceTree = "<group>"; };
		2CB79D4120318350008C953F /* Info.plist */ = {isa = PBXFileReference; lastKnownFileType = text.plist.xml; path = Info.plist; sourceTree = "<group>"; };
		36BBE029A0175BE09C897E84 /* Pods-facebookdemo.release.xcconfig */ = {isa = PBXFileReference; includeInIndex = 1; lastKnownFileType = text.xcconfig; name = "Pods-facebookdemo.release.xcconfig"; path = "Pods/Target Support Files/Pods-facebookdemo/Pods-facebookdemo.release.xcconfig"; sourceTree = "<group>"; };
		8B29525F62F34AD0F2C3A813 /* Pods_facebookdemo.framework */ = {isa = PBXFileReference; explicitFileType = wrapper.framework; includeInIndex = 0; path = Pods_facebookdemo.framework; sourceTree = BUILT_PRODUCTS_DIR; };
		E4BF48AF710D1476F217F105 /* Pods-facebookdemo.debug.xcconfig */ = {isa = PBXFileReference; includeInIndex = 1; lastKnownFileType = text.xcconfig; name = "Pods-facebookdemo.debug.xcconfig"; path = "Pods/Target Support Files/Pods-facebookdemo/Pods-facebookdemo.debug.xcconfig"; sourceTree = "<group>"; };
/* End PBXFileReference section */

/* Begin PBXFrameworksBuildPhase section */
		2CB79D2F20318350008C953F /* Frameworks */ = {
			isa = PBXFrameworksBuildPhase;
			buildActionMask = 2147483647;
			files = (
				A101FD2EFDC021084FFCA079 /* Pods_facebookdemo.framework in Frameworks */,
			);
			runOnlyForDeploymentPostprocessing = 0;
		};
/* End PBXFrameworksBuildPhase section */

/* Begin PBXGroup section */
		102B47A26F50668F40DE802B /* Pods */ = {
			isa = PBXGroup;
			children = (
				E4BF48AF710D1476F217F105 /* Pods-facebookdemo.debug.xcconfig */,
				36BBE029A0175BE09C897E84 /* Pods-facebookdemo.release.xcconfig */,
			);
			name = Pods;
			sourceTree = "<group>";
		};
		2CB79D2920318350008C953F = {
			isa = PBXGroup;
			children = (
				2CB79D3420318350008C953F /* facebookdemo */,
				2CB79D3320318350008C953F /* Products */,
				102B47A26F50668F40DE802B /* Pods */,
				A10D4E501BBFF9C206360E4F /* Frameworks */,
			);
			sourceTree = "<group>";
		};
		2CB79D3320318350008C953F /* Products */ = {
			isa = PBXGroup;
			children = (
				2CB79D3220318350008C953F /* facebookdemo.app */,
			);
			name = Products;
			sourceTree = "<group>";
		};
		2CB79D3420318350008C953F /* facebookdemo */ = {
			isa = PBXGroup;
			children = (
				2CB79D4920318543008C953F /* LogicModule */,
				2CB79D4820318534008C953F /* DataModule */,
				2CB79D4720318529008C953F /* UI */,
				2CB79D3520318350008C953F /* AppDelegate.swift */,
				2CB79D3720318350008C953F /* ViewController.swift */,
				2CB79D3920318350008C953F /* Main.storyboard */,
				2CB79D3C20318350008C953F /* Assets.xcassets */,
				2CB79D3E20318350008C953F /* LaunchScreen.storyboard */,
				2CB79D4120318350008C953F /* Info.plist */,
			);
			path = facebookdemo;
			sourceTree = "<group>";
		};
		2CB79D4720318529008C953F /* UI */ = {
			isa = PBXGroup;
			children = (
			);
			path = UI;
			sourceTree = "<group>";
		};
		2CB79D4820318534008C953F /* DataModule */ = {
			isa = PBXGroup;
			children = (
			);
			path = DataModule;
			sourceTree = "<group>";
		};
		2CB79D4920318543008C953F /* LogicModule */ = {
			isa = PBXGroup;
			children = (
			);
			path = LogicModule;
			sourceTree = "<group>";
		};
		A10D4E501BBFF9C206360E4F /* Frameworks */ = {
			isa = PBXGroup;
			children = (
				8B29525F62F34AD0F2C3A813 /* Pods_facebookdemo.framework */,
			);
			name = Frameworks;
			sourceTree = "<group>";
		};
/* End PBXGroup section */

/* Begin PBXNativeTarget section */
		2CB79D3120318350008C953F /* facebookdemo */ = {
			isa = PBXNativeTarget;
			buildConfigurationList = 2CB79D4420318350008C953F /* Build configuration list for PBXNativeTarget "facebookdemo" */;
			buildPhases = (
				BDE8FE607AD7B57EB0534473 /* [CP] Check Pods Manifest.lock */,
				2CB79D2E20318350008C953F /* Sources */,
				2CB79D2F20318350008C953F /* Frameworks */,
				2CB79D3020318350008C953F /* Resources */,
				87110F43E72E22ABF8C18D6A /* [CP] Embed Pods Frameworks */,
				88F7E5D7217EDD6CF1879C9A /* [CP] Copy Pods Resources */,
			);
			buildRules = (
			);
			dependencies = (
			);
			name = facebookdemo;
			productName = facebookdemo;
			productReference = 2CB79D3220318350008C953F /* facebookdemo.app */;
			productType = "com.apple.product-type.application";
		};
/* End PBXNativeTarget section */

/* Begin PBXProject section */
		2CB79D2A20318350008C953F /* Project object */ = {
			isa = PBXProject;
			attributes = {
				LastSwiftUpdateCheck = 0920;
				LastUpgradeCheck = 0920;
				ORGANIZATIONNAME = lyj;
				TargetAttributes = {
					2CB79D3120318350008C953F = {
						CreatedOnToolsVersion = 9.2;
						ProvisioningStyle = Automatic;
					};
				};
			};
			buildConfigurationList = 2CB79D2D20318350008C953F /* Build configuration list for PBXProject "facebookdemo" */;
			compatibilityVersion = "Xcode 8.0";
			developmentRegion = en;
			hasScannedForEncodings = 0;
			knownRegions = (
				en,
				Base,
			);
			mainGroup = 2CB79D2920318350008C953F;
			productRefGroup = 2CB79D3320318350008C953F /* Products */;
			projectDirPath = "";
			projectRoot = "";
			targets = (
				2CB79D3120318350008C953F /* facebookdemo */,
			);
		};
/* End PBXProject section */

/* Begin PBXResourcesBuildPhase section */
		2CB79D3020318350008C953F /* Resources */ = {
			isa = PBXResourcesBuildPhase;
			buildActionMask = 2147483647;
			files = (
				2CB79D4020318350008C953F /* LaunchScreen.storyboard in Resources */,
				2CB79D3D20318350008C953F /* Assets.xcassets in Resources */,
				2CB79D3B20318350008C953F /* Main.storyboard in Resources */,
			);
			runOnlyForDeploymentPostprocessing = 0;
		};
/* End PBXResourcesBuildPhase section */

/* Begin PBXShellScriptBuildPhase section */
		87110F43E72E22ABF8C18D6A /* [CP] Embed Pods Frameworks */ = {
			isa = PBXShellScriptBuildPhase;
			buildActionMask = 2147483647;
			files = (
			);
			inputPaths = (
				"${SRCROOT}/Pods/Target Support Files/Pods-facebookdemo/Pods-facebookdemo-frameworks.sh",
				"${BUILT_PRODUCTS_DIR}/Bolts/Bolts.framework",
				"${BUILT_PRODUCTS_DIR}/FBSDKCoreKit/FBSDKCoreKit.framework",
				"${BUILT_PRODUCTS_DIR}/FBSDKLoginKit/FBSDKLoginKit.framework",
				"${BUILT_PRODUCTS_DIR}/FBSDKShareKit/FBSDKShareKit.framework",
				"${BUILT_PRODUCTS_DIR}/FacebookCore/FacebookCore.framework",
				"${BUILT_PRODUCTS_DIR}/FacebookLogin/FacebookLogin.framework",
				"${BUILT_PRODUCTS_DIR}/FacebookShare/FacebookShare.framework",
			);
			name = "[CP] Embed Pods Frameworks";
			outputPaths = (
				"${TARGET_BUILD_DIR}/${FRAMEWORKS_FOLDER_PATH}/Bolts.framework",
				"${TARGET_BUILD_DIR}/${FRAMEWORKS_FOLDER_PATH}/FBSDKCoreKit.framework",
				"${TARGET_BUILD_DIR}/${FRAMEWORKS_FOLDER_PATH}/FBSDKLoginKit.framework",
				"${TARGET_BUILD_DIR}/${FRAMEWORKS_FOLDER_PATH}/FBSDKShareKit.framework",
				"${TARGET_BUILD_DIR}/${FRAMEWORKS_FOLDER_PATH}/FacebookCore.framework",
				"${TARGET_BUILD_DIR}/${FRAMEWORKS_FOLDER_PATH}/FacebookLogin.framework",
				"${TARGET_BUILD_DIR}/${FRAMEWORKS_FOLDER_PATH}/FacebookShare.framework",
			);
			runOnlyForDeploymentPostprocessing = 0;
			shellPath = /bin/sh;
			shellScript = "\"${SRCROOT}/Pods/Target Support Files/Pods-facebookdemo/Pods-facebookdemo-frameworks.sh\"\n";
			showEnvVarsInLog = 0;
		};
		88F7E5D7217EDD6CF1879C9A /* [CP] Copy Pods Resources */ = {
			isa = PBXShellScriptBuildPhase;
			buildActionMask = 2147483647;
			files = (
			);
			inputPaths = (
			);
			name = "[CP] Copy Pods Resources";
			outputPaths = (
			);
			runOnlyForDeploymentPostprocessing = 0;
			shellPath = /bin/sh;
			shellScript = "\"${SRCROOT}/Pods/Target Support Files/Pods-facebookdemo/Pods-facebookdemo-resources.sh\"\n";
			showEnvVarsInLog = 0;
		};
		BDE8FE607AD7B57EB0534473 /* [CP] Check Pods Manifest.lock */ = {
			isa = PBXShellScriptBuildPhase;
			buildActionMask = 2147483647;
			files = (
			);
			inputPaths = (
				"${PODS_PODFILE_DIR_PATH}/Podfile.lock",
				"${PODS_ROOT}/Manifest.lock",
			);
			name = "[CP] Check Pods Manifest.lock";
			outputPaths = (
				"$(DERIVED_FILE_DIR)/Pods-facebookdemo-checkManifestLockResult.txt",
			);
			runOnlyForDeploymentPostprocessing = 0;
			shellPath = /bin/sh;
			shellScript = "diff \"${PODS_PODFILE_DIR_PATH}/Podfile.lock\" \"${PODS_ROOT}/Manifest.lock\" > /dev/null\nif [ $? != 0 ] ; then\n    # print error to STDERR\n    echo \"error: The sandbox is not in sync with the Podfile.lock. Run 'pod install' or update your CocoaPods installation.\" >&2\n    exit 1\nfi\n# This output is used by Xcode 'outputs' to avoid re-running this script phase.\necho \"SUCCESS\" > \"${SCRIPT_OUTPUT_FILE_0}\"\n";
			showEnvVarsInLog = 0;
		};
/* End PBXShellScriptBuildPhase section */

/* Begin PBXSourcesBuildPhase section */
		2CB79D2E20318350008C953F /* Sources */ = {
			isa = PBXSourcesBuildPhase;
			buildActionMask = 2147483647;
			files = (
				2CB79D3820318350008C953F /* ViewController.swift in Sources */,
				2CB79D3620318350008C953F /* AppDelegate.swift in Sources */,
			);
			runOnlyForDeploymentPostprocessing = 0;
		};
/* End PBXSourcesBuildPhase section */

/* Begin PBXVariantGroup section */
		2CB79D3920318350008C953F /* Main.storyboard */ = {
			isa = PBXVariantGroup;
			children = (
				2CB79D3A20318350008C953F /* Base */,
			);
			name = Main.storyboard;
			sourceTree = "<group>";
		};
		2CB79D3E20318350008C953F /* LaunchScreen.storyboard */ = {
			isa = PBXVariantGroup;
			children = (
				2CB79D3F20318350008C953F /* Base */,
			);
			name = LaunchScreen.storyboard;
			sourceTree = "<group>";
		};
/* End PBXVariantGroup section */

/* Begin XCBuildConfiguration section */
		2CB79D4220318350008C953F /* Debug */ = {
			isa = XCBuildConfiguration;
			buildSettings = {
				ALWAYS_SEARCH_USER_PATHS = NO;
				CLANG_ANALYZER_NONNULL = YES;
				CLANG_ANALYZER_NUMBER_OBJECT_CONVERSION = YES_AGGRESSIVE;
				CLANG_CXX_LANGUAGE_STANDARD = "gnu++14";
				CLANG_CXX_LIBRARY = "libc++";
				CLANG_ENABLE_MODULES = YES;
				CLANG_ENABLE_OBJC_ARC = YES;
				CLANG_WARN_BLOCK_CAPTURE_AUTORELEASING = YES;
				CLANG_WARN_BOOL_CONVERSION = YES;
				CLANG_WARN_COMMA = YES;
				CLANG_WARN_CONSTANT_CONVERSION = YES;
				CLANG_WARN_DIRECT_OBJC_ISA_USAGE = YES_ERROR;
				CLANG_WARN_DOCUMENTATION_COMMENTS = YES;
				CLANG_WARN_EMPTY_BODY = YES;
				CLANG_WARN_ENUM_CONVERSION = YES;
				CLANG_WARN_INFINITE_RECURSION = YES;
				CLANG_WARN_INT_CONVERSION = YES;
				CLANG_WARN_NON_LITERAL_NULL_CONVERSION = YES;
				CLANG_WARN_OBJC_LITERAL_CONVERSION = YES;
				CLANG_WARN_OBJC_ROOT_CLASS = YES_ERROR;
				CLANG_WARN_RANGE_LOOP_ANALYSIS = YES;
				CLANG_WARN_STRICT_PROTOTYPES = YES;
				CLANG_WARN_SUSPICIOUS_MOVE = YES;
				CLANG_WARN_UNGUARDED_AVAILABILITY = YES_AGGRESSIVE;
				CLANG_WARN_UNREACHABLE_CODE = YES;
				CLANG_WARN__DUPLICATE_METHOD_MATCH = YES;
				CODE_SIGN_IDENTITY = "iPhone Developer";
				COPY_PHASE_STRIP = NO;
				DEBUG_INFORMATION_FORMAT = dwarf;
				ENABLE_STRICT_OBJC_MSGSEND = YES;
				ENABLE_TESTABILITY = YES;
				GCC_C_LANGUAGE_STANDARD = gnu11;
				GCC_DYNAMIC_NO_PIC = NO;
				GCC_NO_COMMON_BLOCKS = YES;
				GCC_OPTIMIZATION_LEVEL = 0;
				GCC_PREPROCESSOR_DEFINITIONS = (
					"DEBUG=1",
					"$(inherited)",
				);
				GCC_WARN_64_TO_32_BIT_CONVERSION = YES;
				GCC_WARN_ABOUT_RETURN_TYPE = YES_ERROR;
				GCC_WARN_UNDECLARED_SELECTOR = YES;
				GCC_WARN_UNINITIALIZED_AUTOS = YES_AGGRESSIVE;
				GCC_WARN_UNUSED_FUNCTION = YES;
				GCC_WARN_UNUSED_VARIABLE = YES;
				IPHONEOS_DEPLOYMENT_TARGET = 11.2;
				MTL_ENABLE_DEBUG_INFO = YES;
				ONLY_ACTIVE_ARCH = YES;
				SDKROOT = iphoneos;
				SWIFT_ACTIVE_COMPILATION_CONDITIONS = DEBUG;
				SWIFT_OPTIMIZATION_LEVEL = "-Onone";
			};
			name = Debug;
		};
		2CB79D4320318350008C953F /* Release */ = {
			isa = XCBuildConfiguration;
			buildSettings = {
				ALWAYS_SEARCH_USER_PATHS = NO;
				CLANG_ANALYZER_NONNULL = YES;
				CLANG_ANALYZER_NUMBER_OBJECT_CONVERSION = YES_AGGRESSIVE;
				CLANG_CXX_LANGUAGE_STANDARD = "gnu++14";
				CLANG_CXX_LIBRARY = "libc++";
				CLANG_ENABLE_MODULES = YES;
				CLANG_ENABLE_OBJC_ARC = YES;
				CLANG_WARN_BLOCK_CAPTURE_AUTORELEASING = YES;
				CLANG_WARN_BOOL_CONVERSION = YES;
				CLANG_WARN_COMMA = YES;
				CLANG_WARN_CONSTANT_CONVERSION = YES;
				CLANG_WARN_DIRECT_OBJC_ISA_USAGE = YES_ERROR;
				CLANG_WARN_DOCUMENTATION_COMMENTS = YES;
				CLANG_WARN_EMPTY_BODY = YES;
				CLANG_WARN_ENUM_CONVERSION = YES;
				CLANG_WARN_INFINITE_RECURSION = YES;
				CLANG_WARN_INT_CONVERSION = YES;
				CLANG_WARN_NON_LITERAL_NULL_CONVERSION = YES;
				CLANG_WARN_OBJC_LITERAL_CONVERSION = YES;
				CLANG_WARN_OBJC_ROOT_CLASS = YES_ERROR;
				CLANG_WARN_RANGE_LOOP_ANALYSIS = YES;
				CLANG_WARN_STRICT_PROTOTYPES = YES;
				CLANG_WARN_SUSPICIOUS_MOVE = YES;
				CLANG_WARN_UNGUARDED_AVAILABILITY = YES_AGGRESSIVE;
				CLANG_WARN_UNREACHABLE_CODE = YES;
				CLANG_WARN__DUPLICATE_METHOD_MATCH = YES;
				CODE_SIGN_IDENTITY = "iPhone Developer";
				COPY_PHASE_STRIP = NO;
				DEBUG_INFORMATION_FORMAT = "dwarf-with-dsym";
				ENABLE_NS_ASSERTIONS = NO;
				ENABLE_STRICT_OBJC_MSGSEND = YES;
				GCC_C_LANGUAGE_STANDARD = gnu11;
				GCC_NO_COMMON_BLOCKS = YES;
				GCC_WARN_64_TO_32_BIT_CONVERSION = YES;
				GCC_WARN_ABOUT_RETURN_TYPE = YES_ERROR;
				GCC_WARN_UNDECLARED_SELECTOR = YES;
				GCC_WARN_UNINITIALIZED_AUTOS = YES_AGGRESSIVE;
				GCC_WARN_UNUSED_FUNCTION = YES;
				GCC_WARN_UNUSED_VARIABLE = YES;
				IPHONEOS_DEPLOYMENT_TARGET = 11.2;
				MTL_ENABLE_DEBUG_INFO = NO;
				SDKROOT = iphoneos;
				SWIFT_OPTIMIZATION_LEVEL = "-Owholemodule";
				VALIDATE_PRODUCT = YES;
			};
			name = Release;
		};
		2CB79D4520318350008C953F /* Debug */ = {
			isa = XCBuildConfiguration;
			baseConfigurationReference = E4BF48AF710D1476F217F105 /* Pods-facebookdemo.debug.xcconfig */;
			buildSettings = {
				ASSETCATALOG_COMPILER_APPICON_NAME = AppIcon;
				CODE_SIGN_STYLE = Automatic;
				DEVELOPMENT_TEAM = 973NQG4Q3K;
				INFOPLIST_FILE = facebookdemo/Info.plist;
				LD_RUNPATH_SEARCH_PATHS = "$(inherited) @executable_path/Frameworks";
				PRODUCT_BUNDLE_IDENTIFIER = com.lyj.facebookdemo;
				PRODUCT_NAME = "$(TARGET_NAME)";
				SWIFT_VERSION = 4.0;
				TARGETED_DEVICE_FAMILY = "1,2";
			};
			name = Debug;
		};
		2CB79D4620318350008C953F /* Release */ = {
			isa = XCBuildConfiguration;
			baseConfigurationReference = 36BBE029A0175BE09C897E84 /* Pods-facebookdemo.release.xcconfig */;
			buildSettings = {
				ASSETCATALOG_COMPILER_APPICON_NAME = AppIcon;
				CODE_SIGN_STYLE = Automatic;
				DEVELOPMENT_TEAM = 973NQG4Q3K;
				INFOPLIST_FILE = facebookdemo/Info.plist;
				LD_RUNPATH_SEARCH_PATHS = "$(inherited) @executable_path/Frameworks";
				PRODUCT_BUNDLE_IDENTIFIER = com.lyj.facebookdemo;
				PRODUCT_NAME = "$(TARGET_NAME)";
				SWIFT_VERSION = 4.0;
				TARGETED_DEVICE_FAMILY = "1,2";
			};
			name = Release;
		};
/* End XCBuildConfiguration section */

/* Begin XCConfigurationList section */
		2CB79D2D20318350008C953F /* Build configuration list for PBXProject "facebookdemo" */ = {
			isa = XCConfigurationList;
			buildConfigurations = (
				2CB79D4220318350008C953F /* Debug */,
				2CB79D4320318350008C953F /* Release */,
			);
			defaultConfigurationIsVisible = 0;
			defaultConfigurationName = Release;
		};
		2CB79D4420318350008C953F /* Build configuration list for PBXNativeTarget "facebookdemo" */ = {
			isa = XCConfigurationList;
			buildConfigurations = (
				2CB79D4520318350008C953F /* Debug */,
				2CB79D4620318350008C953F /* Release */,
			);
			defaultConfigurationIsVisible = 0;
			defaultConfigurationName = Release;
		};
/* End XCConfigurationList section */
	};
	rootObject = 2CB79D2A20318350008C953F /* Project object */;
}
